// !$*UTF8*$!
{
	archiveVersion = 1;
	classes = {
	};
	objectVersion = 56;
	objects = {

/* Begin PBXBuildFile section */
		215BBFA12AE5352C0042D995 /* AppDelegate.swift in Sources */ = {isa = PBXBuildFile; fileRef = 215BBFA02AE5352C0042D995 /* AppDelegate.swift */; };
		215BBFA32AE5352C0042D995 /* SceneDelegate.swift in Sources */ = {isa = PBXBuildFile; fileRef = 215BBFA22AE5352C0042D995 /* SceneDelegate.swift */; };
		215BBFA52AE5352C0042D995 /* ViewController.swift in Sources */ = {isa = PBXBuildFile; fileRef = 215BBFA42AE5352C0042D995 /* ViewController.swift */; };
		215BBFA82AE5352C0042D995 /* Main.storyboard in Resources */ = {isa = PBXBuildFile; fileRef = 215BBFA62AE5352C0042D995 /* Main.storyboard */; };
		215BBFAA2AE5352D0042D995 /* Assets.xcassets in Resources */ = {isa = PBXBuildFile; fileRef = 215BBFA92AE5352D0042D995 /* Assets.xcassets */; };
		215BBFAD2AE5352D0042D995 /* LaunchScreen.storyboard in Resources */ = {isa = PBXBuildFile; fileRef = 215BBFAB2AE5352D0042D995 /* LaunchScreen.storyboard */; };
		215BBFB82AE5352D0042D995 /* todolistTests.swift in Sources */ = {isa = PBXBuildFile; fileRef = 215BBFB72AE5352D0042D995 /* todolistTests.swift */; };
		215BBFC22AE5352D0042D995 /* todolistUITests.swift in Sources */ = {isa = PBXBuildFile; fileRef = 215BBFC12AE5352D0042D995 /* todolistUITests.swift */; };
		215BBFC42AE5352D0042D995 /* todolistUITestsLaunchTests.swift in Sources */ = {isa = PBXBuildFile; fileRef = 215BBFC32AE5352D0042D995 /* todolistUITestsLaunchTests.swift */; };
		215BBFD12AE538E10042D995 /* TableViewController.swift in Sources */ = {isa = PBXBuildFile; fileRef = 215BBFD02AE538E10042D995 /* TableViewController.swift */; };
		2171D0292AE55E0E00B47F83 /* TaskItem.swift in Sources */ = {isa = PBXBuildFile; fileRef = 2171D0282AE55E0E00B47F83 /* TaskItem.swift */; };
/* End PBXBuildFile section */

/* Begin PBXContainerItemProxy section */
		215BBFB42AE5352D0042D995 /* PBXContainerItemProxy */ = {
			isa = PBXContainerItemProxy;
			containerPortal = 215BBF952AE5352C0042D995 /* Project object */;
			proxyType = 1;
			remoteGlobalIDString = 215BBF9C2AE5352C0042D995;
			remoteInfo = todolist;
		};
		215BBFBE2AE5352D0042D995 /* PBXContainerItemProxy */ = {
			isa = PBXContainerItemProxy;
			containerPortal = 215BBF952AE5352C0042D995 /* Project object */;
			proxyType = 1;
			remoteGlobalIDString = 215BBF9C2AE5352C0042D995;
			remoteInfo = todolist;
		};
/* End PBXContainerItemProxy section */

/* Begin PBXFileReference section */
		215BBF9D2AE5352C0042D995 /* todolist.app */ = {isa = PBXFileReference; explicitFileType = wrapper.application; includeInIndex = 0; path = todolist.app; sourceTree = BUILT_PRODUCTS_DIR; };
		215BBFA02AE5352C0042D995 /* AppDelegate.swift */ = {isa = PBXFileReference; lastKnownFileType = sourcecode.swift; path = AppDelegate.swift; sourceTree = "<group>"; };
		215BBFA22AE5352C0042D995 /* SceneDelegate.swift */ = {isa = PBXFileReference; lastKnownFileType = sourcecode.swift; path = SceneDelegate.swift; sourceTree = "<group>"; };
		215BBFA42AE5352C0042D995 /* ViewController.swift */ = {isa = PBXFileReference; lastKnownFileType = sourcecode.swift; path = ViewController.swift; sourceTree = "<group>"; };
		215BBFA72AE5352C0042D995 /* Base */ = {isa = PBXFileReference; lastKnownFileType = file.storyboard; name = Base; path = Base.lproj/Main.storyboard; sourceTree = "<group>"; };
		215BBFA92AE5352D0042D995 /* Assets.xcassets */ = {isa = PBXFileReference; lastKnownFileType = folder.assetcatalog; path = Assets.xcassets; sourceTree = "<group>"; };
		215BBFAC2AE5352D0042D995 /* Base */ = {isa = PBXFileReference; lastKnownFileType = file.storyboard; name = Base; path = Base.lproj/LaunchScreen.storyboard; sourceTree = "<group>"; };
		215BBFAE2AE5352D0042D995 /* Info.plist */ = {isa = PBXFileReference; lastKnownFileType = text.plist.xml; path = Info.plist; sourceTree = "<group>"; };
		215BBFB32AE5352D0042D995 /* todolistTests.xctest */ = {isa = PBXFileReference; explicitFileType = wrapper.cfbundle; includeInIndex = 0; path = todolistTests.xctest; sourceTree = BUILT_PRODUCTS_DIR; };
		215BBFB72AE5352D0042D995 /* todolistTests.swift */ = {isa = PBXFileReference; lastKnownFileType = sourcecode.swift; path = todolistTests.swift; sourceTree = "<group>"; };
		215BBFBD2AE5352D0042D995 /* todolistUITests.xctest */ = {isa = PBXFileReference; explicitFileType = wrapper.cfbundle; includeInIndex = 0; path = todolistUITests.xctest; sourceTree = BUILT_PRODUCTS_DIR; };
		215BBFC12AE5352D0042D995 /* todolistUITests.swift */ = {isa = PBXFileReference; lastKnownFileType = sourcecode.swift; path = todolistUITests.swift; sourceTree = "<group>"; };
		215BBFC32AE5352D0042D995 /* todolistUITestsLaunchTests.swift */ = {isa = PBXFileReference; lastKnownFileType = sourcecode.swift; path = todolistUITestsLaunchTests.swift; sourceTree = "<group>"; };
		215BBFD02AE538E10042D995 /* TableViewController.swift */ = {isa = PBXFileReference; lastKnownFileType = sourcecode.swift; path = TableViewController.swift; sourceTree = "<group>"; };
		2171D0282AE55E0E00B47F83 /* TaskItem.swift */ = {isa = PBXFileReference; lastKnownFileType = sourcecode.swift; path = TaskItem.swift; sourceTree = "<group>"; };
/* End PBXFileReference section */

/* Begin PBXFrameworksBuildPhase section */
		215BBF9A2AE5352C0042D995 /* Frameworks */ = {
			isa = PBXFrameworksBuildPhase;
			buildActionMask = 2147483647;
			files = (
			);
			runOnlyForDeploymentPostprocessing = 0;
		};
		215BBFB02AE5352D0042D995 /* Frameworks */ = {
			isa = PBXFrameworksBuildPhase;
			buildActionMask = 2147483647;
			files = (
			);
			runOnlyForDeploymentPostprocessing = 0;
		};
		215BBFBA2AE5352D0042D995 /* Frameworks */ = {
			isa = PBXFrameworksBuildPhase;
			buildActionMask = 2147483647;
			files = (
			);
			runOnlyForDeploymentPostprocessing = 0;
		};
/* End PBXFrameworksBuildPhase section */

/* Begin PBXGroup section */
		215BBF942AE5352C0042D995 = {
			isa = PBXGroup;
			children = (
				215BBF9F2AE5352C0042D995 /* todolist */,
				215BBFB62AE5352D0042D995 /* todolistTests */,
				215BBFC02AE5352D0042D995 /* todolistUITests */,
				215BBF9E2AE5352C0042D995 /* Products */,
			);
			sourceTree = "<group>";
		};
		215BBF9E2AE5352C0042D995 /* Products */ = {
			isa = PBXGroup;
			children = (
				215BBF9D2AE5352C0042D995 /* todolist.app */,
				215BBFB32AE5352D0042D995 /* todolistTests.xctest */,
				215BBFBD2AE5352D0042D995 /* todolistUITests.xctest */,
			);
			name = Products;
			sourceTree = "<group>";
		};
		215BBF9F2AE5352C0042D995 /* todolist */ = {
			isa = PBXGroup;
			children = (
				215BBFA02AE5352C0042D995 /* AppDelegate.swift */,
				215BBFA22AE5352C0042D995 /* SceneDelegate.swift */,
				215BBFA42AE5352C0042D995 /* ViewController.swift */,
				215BBFD02AE538E10042D995 /* TableViewController.swift */,
				2171D0282AE55E0E00B47F83 /* TaskItem.swift */,
				215BBFA62AE5352C0042D995 /* Main.storyboard */,
				215BBFA92AE5352D0042D995 /* Assets.xcassets */,
				215BBFAB2AE5352D0042D995 /* LaunchScreen.storyboard */,
				215BBFAE2AE5352D0042D995 /* Info.plist */,
			);
			path = todolist;
			sourceTree = "<group>";
		};
		215BBFB62AE5352D0042D995 /* todolistTests */ = {
			isa = PBXGroup;
			children = (
				215BBFB72AE5352D0042D995 /* todolistTests.swift */,
			);
			path = todolistTests;
			sourceTree = "<group>";
		};
		215BBFC02AE5352D0042D995 /* todolistUITests */ = {
			isa = PBXGroup;
			children = (
				215BBFC12AE5352D0042D995 /* todolistUITests.swift */,
				215BBFC32AE5352D0042D995 /* todolistUITestsLaunchTests.swift */,
			);
			path = todolistUITests;
			sourceTree = "<group>";
		};
/* End PBXGroup section */

/* Begin PBXNativeTarget section */
		215BBF9C2AE5352C0042D995 /* todolist */ = {
			isa = PBXNativeTarget;
			buildConfigurationList = 215BBFC72AE5352D0042D995 /* Build configuration list for PBXNativeTarget "todolist" */;
			buildPhases = (
				215BBF992AE5352C0042D995 /* Sources */,
				215BBF9A2AE5352C0042D995 /* Frameworks */,
				215BBF9B2AE5352C0042D995 /* Resources */,
			);
			buildRules = (
			);
			dependencies = (
			);
			name = todolist;
			productName = todolist;
			productReference = 215BBF9D2AE5352C0042D995 /* todolist.app */;
			productType = "com.apple.product-type.application";
		};
		215BBFB22AE5352D0042D995 /* todolistTests */ = {
			isa = PBXNativeTarget;
			buildConfigurationList = 215BBFCA2AE5352D0042D995 /* Build configuration list for PBXNativeTarget "todolistTests" */;
			buildPhases = (
				215BBFAF2AE5352D0042D995 /* Sources */,
				215BBFB02AE5352D0042D995 /* Frameworks */,
				215BBFB12AE5352D0042D995 /* Resources */,
			);
			buildRules = (
			);
			dependencies = (
				215BBFB52AE5352D0042D995 /* PBXTargetDependency */,
			);
			name = todolistTests;
			productName = todolistTests;
			productReference = 215BBFB32AE5352D0042D995 /* todolistTests.xctest */;
			productType = "com.apple.product-type.bundle.unit-test";
		};
		215BBFBC2AE5352D0042D995 /* todolistUITests */ = {
			isa = PBXNativeTarget;
			buildConfigurationList = 215BBFCD2AE5352D0042D995 /* Build configuration list for PBXNativeTarget "todolistUITests" */;
			buildPhases = (
				215BBFB92AE5352D0042D995 /* Sources */,
				215BBFBA2AE5352D0042D995 /* Frameworks */,
				215BBFBB2AE5352D0042D995 /* Resources */,
			);
			buildRules = (
			);
			dependencies = (
				215BBFBF2AE5352D0042D995 /* PBXTargetDependency */,
			);
			name = todolistUITests;
			productName = todolistUITests;
			productReference = 215BBFBD2AE5352D0042D995 /* todolistUITests.xctest */;
			productType = "com.apple.product-type.bundle.ui-testing";
		};
/* End PBXNativeTarget section */

/* Begin PBXProject section */
		215BBF952AE5352C0042D995 /* Project object */ = {
			isa = PBXProject;
			attributes = {
				BuildIndependentTargetsInParallel = 1;
				LastSwiftUpdateCheck = 1500;
				LastUpgradeCheck = 1500;
				TargetAttributes = {
					215BBF9C2AE5352C0042D995 = {
						CreatedOnToolsVersion = 15.0;
					};
					215BBFB22AE5352D0042D995 = {
						CreatedOnToolsVersion = 15.0;
						TestTargetID = 215BBF9C2AE5352C0042D995;
					};
					215BBFBC2AE5352D0042D995 = {
						CreatedOnToolsVersion = 15.0;
						TestTargetID = 215BBF9C2AE5352C0042D995;
					};
				};
			};
			buildConfigurationList = 215BBF982AE5352C0042D995 /* Build configuration list for PBXProject "todolist" */;
			compatibilityVersion = "Xcode 14.0";
			developmentRegion = en;
			hasScannedForEncodings = 0;
			knownRegions = (
				en,
				Base,
			);
			mainGroup = 215BBF942AE5352C0042D995;
			productRefGroup = 215BBF9E2AE5352C0042D995 /* Products */;
			projectDirPath = "";
			projectRoot = "";
			targets = (
				215BBF9C2AE5352C0042D995 /* todolist */,
				215BBFB22AE5352D0042D995 /* todolistTests */,
				215BBFBC2AE5352D0042D995 /* todolistUITests */,
			);
		};
/* End PBXProject section */

/* Begin PBXResourcesBuildPhase section */
		215BBF9B2AE5352C0042D995 /* Resources */ = {
			isa = PBXResourcesBuildPhase;
			buildActionMask = 2147483647;
			files = (
				215BBFAD2AE5352D0042D995 /* LaunchScreen.storyboard in Resources */,
				215BBFAA2AE5352D0042D995 /* Assets.xcassets in Resources */,
				215BBFA82AE5352C0042D995 /* Main.storyboard in Resources */,
			);
			runOnlyForDeploymentPostprocessing = 0;
		};
		215BBFB12AE5352D0042D995 /* Resources */ = {
			isa = PBXResourcesBuildPhase;
			buildActionMask = 2147483647;
			files = (
			);
			runOnlyForDeploymentPostprocessing = 0;
		};
		215BBFBB2AE5352D0042D995 /* Resources */ = {
			isa = PBXResourcesBuildPhase;
			buildActionMask = 2147483647;
			files = (
			);
			runOnlyForDeploymentPostprocessing = 0;
		};
/* End PBXResourcesBuildPhase section */

/* Begin PBXSourcesBuildPhase section */
		215BBF992AE5352C0042D995 /* Sources */ = {
			isa = PBXSourcesBuildPhase;
			buildActionMask = 2147483647;
			files = (
				215BBFA52AE5352C0042D995 /* ViewController.swift in Sources */,
				2171D0292AE55E0E00B47F83 /* TaskItem.swift in Sources */,
				215BBFA12AE5352C0042D995 /* AppDelegate.swift in Sources */,
				215BBFA32AE5352C0042D995 /* SceneDelegate.swift in Sources */,
				215BBFD12AE538E10042D995 /* TableViewController.swift in Sources */,
			);
			runOnlyForDeploymentPostprocessing = 0;
		};
		215BBFAF2AE5352D0042D995 /* Sources */ = {
			isa = PBXSourcesBuildPhase;
			buildActionMask = 2147483647;
			files = (
				215BBFB82AE5352D0042D995 /* todolistTests.swift in Sources */,
			);
			runOnlyForDeploymentPostprocessing = 0;
		};
		215BBFB92AE5352D0042D995 /* Sources */ = {
			isa = PBXSourcesBuildPhase;
			buildActionMask = 2147483647;
			files = (
				215BBFC42AE5352D0042D995 /* todolistUITestsLaunchTests.swift in Sources */,
				215BBFC22AE5352D0042D995 /* todolistUITests.swift in Sources */,
			);
			runOnlyForDeploymentPostprocessing = 0;
		};
/* End PBXSourcesBuildPhase section */

/* Begin PBXTargetDependency section */
		215BBFB52AE5352D0042D995 /* PBXTargetDependency */ = {
			isa = PBXTargetDependency;
			target = 215BBF9C2AE5352C0042D995 /* todolist */;
			targetProxy = 215BBFB42AE5352D0042D995 /* PBXContainerItemProxy */;
		};
		215BBFBF2AE5352D0042D995 /* PBXTargetDependency */ = {
			isa = PBXTargetDependency;
			target = 215BBF9C2AE5352C0042D995 /* todolist */;
			targetProxy = 215BBFBE2AE5352D0042D995 /* PBXContainerItemProxy */;
		};
/* End PBXTargetDependency section */

/* Begin PBXVariantGroup section */
		215BBFA62AE5352C0042D995 /* Main.storyboard */ = {
			isa = PBXVariantGroup;
			children = (
				215BBFA72AE5352C0042D995 /* Base */,
			);
			name = Main.storyboard;
			sourceTree = "<group>";
		};
		215BBFAB2AE5352D0042D995 /* LaunchScreen.storyboard */ = {
			isa = PBXVariantGroup;
			children = (
				215BBFAC2AE5352D0042D995 /* Base */,
			);
			name = LaunchScreen.storyboard;
			sourceTree = "<group>";
		};
/* End PBXVariantGroup section */

/* Begin XCBuildConfiguration section */
		215BBFC52AE5352D0042D995 /* Debug */ = {
			isa = XCBuildConfiguration;
			buildSettings = {
				ALWAYS_SEARCH_USER_PATHS = NO;
				ASSETCATALOG_COMPILER_GENERATE_SWIFT_ASSET_SYMBOL_EXTENSIONS = YES;
				CLANG_ANALYZER_NONNULL = YES;
				CLANG_ANALYZER_NUMBER_OBJECT_CONVERSION = YES_AGGRESSIVE;
				CLANG_CXX_LANGUAGE_STANDARD = "gnu++20";
				CLANG_ENABLE_MODULES = YES;
				CLANG_ENABLE_OBJC_ARC = YES;
				CLANG_ENABLE_OBJC_WEAK = YES;
				CLANG_WARN_BLOCK_CAPTURE_AUTORELEASING = YES;
				CLANG_WARN_BOOL_CONVERSION = YES;
				CLANG_WARN_COMMA = YES;
				CLANG_WARN_CONSTANT_CONVERSION = YES;
				CLANG_WARN_DEPRECATED_OBJC_IMPLEMENTATIONS = YES;
				CLANG_WARN_DIRECT_OBJC_ISA_USAGE = YES_ERROR;
				CLANG_WARN_DOCUMENTATION_COMMENTS = YES;
				CLANG_WARN_EMPTY_BODY = YES;
				CLANG_WARN_ENUM_CONVERSION = YES;
				CLANG_WARN_INFINITE_RECURSION = YES;
				CLANG_WARN_INT_CONVERSION = YES;
				CLANG_WARN_NON_LITERAL_NULL_CONVERSION = YES;
				CLANG_WARN_OBJC_IMPLICIT_RETAIN_SELF = YES;
				CLANG_WARN_OBJC_LITERAL_CONVERSION = YES;
				CLANG_WARN_OBJC_ROOT_CLASS = YES_ERROR;
				CLANG_WARN_QUOTED_INCLUDE_IN_FRAMEWORK_HEADER = YES;
				CLANG_WARN_RANGE_LOOP_ANALYSIS = YES;
				CLANG_WARN_STRICT_PROTOTYPES = YES;
				CLANG_WARN_SUSPICIOUS_MOVE = YES;
				CLANG_WARN_UNGUARDED_AVAILABILITY = YES_AGGRESSIVE;
				CLANG_WARN_UNREACHABLE_CODE = YES;
				CLANG_WARN__DUPLICATE_METHOD_MATCH = YES;
				COPY_PHASE_STRIP = NO;
				DEBUG_INFORMATION_FORMAT = dwarf;
				ENABLE_STRICT_OBJC_MSGSEND = YES;
				ENABLE_TESTABILITY = YES;
				ENABLE_USER_SCRIPT_SANDBOXING = YES;
				GCC_C_LANGUAGE_STANDARD = gnu17;
				GCC_DYNAMIC_NO_PIC = NO;
				GCC_NO_COMMON_BLOCKS = YES;
				GCC_OPTIMIZATION_LEVEL = 0;
				GCC_PREPROCESSOR_DEFINITIONS = (
					"DEBUG=1",
					"$(inherited)",
				);
				GCC_WARN_64_TO_32_BIT_CONVERSION = YES;
				GCC_WARN_ABOUT_RETURN_TYPE = YES_ERROR;
				GCC_WARN_UNDECLARED_SELECTOR = YES;
				GCC_WARN_UNINITIALIZED_AUTOS = YES_AGGRESSIVE;
				GCC_WARN_UNUSED_FUNCTION = YES;
				GCC_WARN_UNUSED_VARIABLE = YES;
				IPHONEOS_DEPLOYMENT_TARGET = 17.0;
				LOCALIZATION_PREFERS_STRING_CATALOGS = YES;
				MTL_ENABLE_DEBUG_INFO = INCLUDE_SOURCE;
				MTL_FAST_MATH = YES;
				ONLY_ACTIVE_ARCH = YES;
				SDKROOT = iphoneos;
				SWIFT_ACTIVE_COMPILATION_CONDITIONS = "DEBUG $(inherited)";
				SWIFT_OPTIMIZATION_LEVEL = "-Onone";
			};
			name = Debug;
		};
		215BBFC62AE5352D0042D995 /* Release */ = {
			isa = XCBuildConfiguration;
			buildSettings = {
				ALWAYS_SEARCH_USER_PATHS = NO;
				ASSETCATALOG_COMPILER_GENERATE_SWIFT_ASSET_SYMBOL_EXTENSIONS = YES;
				CLANG_ANALYZER_NONNULL = YES;
				CLANG_ANALYZER_NUMBER_OBJECT_CONVERSION = YES_AGGRESSIVE;
				CLANG_CXX_LANGUAGE_STANDARD = "gnu++20";
				CLANG_ENABLE_MODULES = YES;
				CLANG_ENABLE_OBJC_ARC = YES;
				CLANG_ENABLE_OBJC_WEAK = YES;
				CLANG_WARN_BLOCK_CAPTURE_AUTORELEASING = YES;
				CLANG_WARN_BOOL_CONVERSION = YES;
				CLANG_WARN_COMMA = YES;
				CLANG_WARN_CONSTANT_CONVERSION = YES;
				CLANG_WARN_DEPRECATED_OBJC_IMPLEMENTATIONS = YES;
				CLANG_WARN_DIRECT_OBJC_ISA_USAGE = YES_ERROR;
				CLANG_WARN_DOCUMENTATION_COMMENTS = YES;
				CLANG_WARN_EMPTY_BODY = YES;
				CLANG_WARN_ENUM_CONVERSION = YES;
				CLANG_WARN_INFINITE_RECURSION = YES;
				CLANG_WARN_INT_CONVERSION = YES;
				CLANG_WARN_NON_LITERAL_NULL_CONVERSION = YES;
				CLANG_WARN_OBJC_IMPLICIT_RETAIN_SELF = YES;
				CLANG_WARN_OBJC_LITERAL_CONVERSION = YES;
				CLANG_WARN_OBJC_ROOT_CLASS = YES_ERROR;
				CLANG_WARN_QUOTED_INCLUDE_IN_FRAMEWORK_HEADER = YES;
				CLANG_WARN_RANGE_LOOP_ANALYSIS = YES;
				CLANG_WARN_STRICT_PROTOTYPES = YES;
				CLANG_WARN_SUSPICIOUS_MOVE = YES;
				CLANG_WARN_UNGUARDED_AVAILABILITY = YES_AGGRESSIVE;
				CLANG_WARN_UNREACHABLE_CODE = YES;
				CLANG_WARN__DUPLICATE_METHOD_MATCH = YES;
				COPY_PHASE_STRIP = NO;
				DEBUG_INFORMATION_FORMAT = "dwarf-with-dsym";
				ENABLE_NS_ASSERTIONS = NO;
				ENABLE_STRICT_OBJC_MSGSEND = YES;
				ENABLE_USER_SCRIPT_SANDBOXING = YES;
				GCC_C_LANGUAGE_STANDARD = gnu17;
				GCC_NO_COMMON_BLOCKS = YES;
				GCC_WARN_64_TO_32_BIT_CONVERSION = YES;
				GCC_WARN_ABOUT_RETURN_TYPE = YES_ERROR;
				GCC_WARN_UNDECLARED_SELECTOR = YES;
				GCC_WARN_UNINITIALIZED_AUTOS = YES_AGGRESSIVE;
				GCC_WARN_UNUSED_FUNCTION = YES;
				GCC_WARN_UNUSED_VARIABLE = YES;
				IPHONEOS_DEPLOYMENT_TARGET = 17.0;
				LOCALIZATION_PREFERS_STRING_CATALOGS = YES;
				MTL_ENABLE_DEBUG_INFO = NO;
				MTL_FAST_MATH = YES;
				SDKROOT = iphoneos;
				SWIFT_COMPILATION_MODE = wholemodule;
				VALIDATE_PRODUCT = YES;
			};
			name = Release;
		};
		215BBFC82AE5352D0042D995 /* Debug */ = {
			isa = XCBuildConfiguration;
			buildSettings = {
				ASSETCATALOG_COMPILER_APPICON_NAME = AppIcon;
				ASSETCATALOG_COMPILER_GLOBAL_ACCENT_COLOR_NAME = AccentColor;
				CODE_SIGN_STYLE = Automatic;
				CURRENT_PROJECT_VERSION = 1;
				GENERATE_INFOPLIST_FILE = YES;
				INFOPLIST_FILE = todolist/Info.plist;
				INFOPLIST_KEY_UIApplicationSupportsIndirectInputEvents = YES;
				INFOPLIST_KEY_UILaunchStoryboardName = LaunchScreen;
				INFOPLIST_KEY_UIMainStoryboardFile = Main;
				INFOPLIST_KEY_UISupportedInterfaceOrientations_iPad = "UIInterfaceOrientationPortrait UIInterfaceOrientationPortraitUpsideDown UIInterfaceOrientationLandscapeLeft UIInterfaceOrientationLandscapeRight";
				INFOPLIST_KEY_UISupportedInterfaceOrientations_iPhone = "UIInterfaceOrientationPortrait UIInterfaceOrientationLandscapeLeft UIInterfaceOrientationLandscapeRight";
				LD_RUNPATH_SEARCH_PATHS = (
					"$(inherited)",
					"@executable_path/Frameworks",
				);
				MARKETING_VERSION = 1.0;
				PRODUCT_BUNDLE_IDENTIFIER = Baigali.todolist;
				PRODUCT_NAME = "$(TARGET_NAME)";
				SWIFT_EMIT_LOC_STRINGS = YES;
				SWIFT_VERSION = 5.0;
				TARGETED_DEVICE_FAMILY = "1,2";
			};
			name = Debug;
		};
		215BBFC92AE5352D0042D995 /* Release */ = {
			isa = XCBuildConfiguration;
			buildSettings = {
				ASSETCATALOG_COMPILER_APPICON_NAME = AppIcon;
				ASSETCATALOG_COMPILER_GLOBAL_ACCENT_COLOR_NAME = AccentColor;
				CODE_SIGN_STYLE = Automatic;
				CURRENT_PROJECT_VERSION = 1;
				GENERATE_INFOPLIST_FILE = YES;
				INFOPLIST_FILE = todolist/Info.plist;
				INFOPLIST_KEY_UIApplicationSupportsIndirectInputEvents = YES;
				INFOPLIST_KEY_UILaunchStoryboardName = LaunchScreen;
				INFOPLIST_KEY_UIMainStoryboardFile = Main;
				INFOPLIST_KEY_UISupportedInterfaceOrientations_iPad = "UIInterfaceOrientationPortrait UIInterfaceOrientationPortraitUpsideDown UIInterfaceOrientationLandscapeLeft UIInterfaceOrientationLandscapeRight";
				INFOPLIST_KEY_UISupportedInterfaceOrientations_iPhone = "UIInterfaceOrientationPortrait UIInterfaceOrientationLandscapeLeft UIInterfaceOrientationLandscapeRight";
				LD_RUNPATH_SEARCH_PATHS = (
					"$(inherited)",
					"@executable_path/Frameworks",
				);
				MARKETING_VERSION = 1.0;
				PRODUCT_BUNDLE_IDENTIFIER = Baigali.todolist;
				PRODUCT_NAME = "$(TARGET_NAME)";
				SWIFT_EMIT_LOC_STRINGS = YES;
				SWIFT_VERSION = 5.0;
				TARGETED_DEVICE_FAMILY = "1,2";
			};
			name = Release;
		};
		215BBFCB2AE5352D0042D995 /* Debug */ = {
			isa = XCBuildConfiguration;
			buildSettings = {
				ALWAYS_EMBED_SWIFT_STANDARD_LIBRARIES = YES;
				BUNDLE_LOADER = "$(TEST_HOST)";
				CODE_SIGN_STYLE = Automatic;
				CURRENT_PROJECT_VERSION = 1;
				GENERATE_INFOPLIST_FILE = YES;
				IPHONEOS_DEPLOYMENT_TARGET = 17.0;
				MARKETING_VERSION = 1.0;
				PRODUCT_BUNDLE_IDENTIFIER = Baigali.todolistTests;
				PRODUCT_NAME = "$(TARGET_NAME)";
				SWIFT_EMIT_LOC_STRINGS = NO;
				SWIFT_VERSION = 5.0;
				TARGETED_DEVICE_FAMILY = "1,2";
				TEST_HOST = "$(BUILT_PRODUCTS_DIR)/todolist.app/$(BUNDLE_EXECUTABLE_FOLDER_PATH)/todolist";
			};
			name = Debug;
		};
		215BBFCC2AE5352D0042D995 /* Release */ = {
			isa = XCBuildConfiguration;
			buildSettings = {
				ALWAYS_EMBED_SWIFT_STANDARD_LIBRARIES = YES;
				BUNDLE_LOADER = "$(TEST_HOST)";
				CODE_SIGN_STYLE = Automatic;
				CURRENT_PROJECT_VERSION = 1;
				GENERATE_INFOPLIST_FILE = YES;
				IPHONEOS_DEPLOYMENT_TARGET = 17.0;
				MARKETING_VERSION = 1.0;
				PRODUCT_BUNDLE_IDENTIFIER = Baigali.todolistTests;
				PRODUCT_NAME = "$(TARGET_NAME)";
				SWIFT_EMIT_LOC_STRINGS = NO;
				SWIFT_VERSION = 5.0;
				TARGETED_DEVICE_FAMILY = "1,2";
				TEST_HOST = "$(BUILT_PRODUCTS_DIR)/todolist.app/$(BUNDLE_EXECUTABLE_FOLDER_PATH)/todolist";
			};
			name = Release;
		};
		215BBFCE2AE5352D0042D995 /* Debug */ = {
			isa = XCBuildConfiguration;
			buildSettings = {
				ALWAYS_EMBED_SWIFT_STANDARD_LIBRARIES = YES;
				CODE_SIGN_STYLE = Automatic;
				CURRENT_PROJECT_VERSION = 1;
				GENERATE_INFOPLIST_FILE = YES;
				MARKETING_VERSION = 1.0;
				PRODUCT_BUNDLE_IDENTIFIER = Baigali.todolistUITests;
				PRODUCT_NAME = "$(TARGET_NAME)";
				SWIFT_EMIT_LOC_STRINGS = NO;
				SWIFT_VERSION = 5.0;
				TARGETED_DEVICE_FAMILY = "1,2";
				TEST_TARGET_NAME = todolist;
			};
			name = Debug;
		};
		215BBFCF2AE5352D0042D995 /* Release */ = {
			isa = XCBuildConfiguration;
			buildSettings = {
				ALWAYS_EMBED_SWIFT_STANDARD_LIBRARIES = YES;
				CODE_SIGN_STYLE = Automatic;
				CURRENT_PROJECT_VERSION = 1;
				GENERATE_INFOPLIST_FILE = YES;
				MARKETING_VERSION = 1.0;
				PRODUCT_BUNDLE_IDENTIFIER = Baigali.todolistUITests;
				PRODUCT_NAME = "$(TARGET_NAME)";
				SWIFT_EMIT_LOC_STRINGS = NO;
				SWIFT_VERSION = 5.0;
				TARGETED_DEVICE_FAMILY = "1,2";
				TEST_TARGET_NAME = todolist;
			};
			name = Release;
		};
/* End XCBuildConfiguration section */

/* Begin XCConfigurationList section */
		215BBF982AE5352C0042D995 /* Build configuration list for PBXProject "todolist" */ = {
			isa = XCConfigurationList;
			buildConfigurations = (
				215BBFC52AE5352D0042D995 /* Debug */,
				215BBFC62AE5352D0042D995 /* Release */,
			);
			defaultConfigurationIsVisible = 0;
			defaultConfigurationName = Release;
		};
		215BBFC72AE5352D0042D995 /* Build configuration list for PBXNativeTarget "todolist" */ = {
			isa = XCConfigurationList;
			buildConfigurations = (
				215BBFC82AE5352D0042D995 /* Debug */,
				215BBFC92AE5352D0042D995 /* Release */,
			);
			defaultConfigurationIsVisible = 0;
			defaultConfigurationName = Release;
		};
		215BBFCA2AE5352D0042D995 /* Build configuration list for PBXNativeTarget "todolistTests" */ = {
			isa = XCConfigurationList;
			buildConfigurations = (
				215BBFCB2AE5352D0042D995 /* Debug */,
				215BBFCC2AE5352D0042D995 /* Release */,
			);
			defaultConfigurationIsVisible = 0;
			defaultConfigurationName = Release;
		};
		215BBFCD2AE5352D0042D995 /* Build configuration list for PBXNativeTarget "todolistUITests" */ = {
			isa = XCConfigurationList;
			buildConfigurations = (
				215BBFCE2AE5352D0042D995 /* Debug */,
				215BBFCF2AE5352D0042D995 /* Release */,
			);
			defaultConfigurationIsVisible = 0;
			defaultConfigurationName = Release;
		};
/* End XCConfigurationList section */
	};
	rootObject = 215BBF952AE5352C0042D995 /* Project object */;
}
